// !$*UTF8*$!
{
	archiveVersion = 1;
	classes = {
	};
	objectVersion = 46;
	objects = {

/* Begin PBXBuildFile section */
		EE9047F71EFBA8BC008D3C76 /* AppDelegate.swift in Sources */ = {isa = PBXBuildFile; fileRef = EE9047F61EFBA8BC008D3C76 /* AppDelegate.swift */; };
		EE9047F91EFBA8BC008D3C76 /* ViewController.swift in Sources */ = {isa = PBXBuildFile; fileRef = EE9047F81EFBA8BC008D3C76 /* ViewController.swift */; };
		EE9047FC1EFBA8BC008D3C76 /* Main.storyboard in Resources */ = {isa = PBXBuildFile; fileRef = EE9047FA1EFBA8BC008D3C76 /* Main.storyboard */; };
		EE9047FE1EFBA8BC008D3C76 /* Assets.xcassets in Resources */ = {isa = PBXBuildFile; fileRef = EE9047FD1EFBA8BC008D3C76 /* Assets.xcassets */; };
		EE9048011EFBA8BC008D3C76 /* LaunchScreen.storyboard in Resources */ = {isa = PBXBuildFile; fileRef = EE9047FF1EFBA8BC008D3C76 /* LaunchScreen.storyboard */; };
/* End PBXBuildFile section */

/* Begin PBXFileReference section */
		EE9047F31EFBA8BC008D3C76 /* OSChina.app */ = {isa = PBXFileReference; explicitFileType = wrapper.application; includeInIndex = 0; path = OSChina.app; sourceTree = BUILT_PRODUCTS_DIR; };
		EE9047F61EFBA8BC008D3C76 /* AppDelegate.swift */ = {isa = PBXFileReference; lastKnownFileType = sourcecode.swift; path = AppDelegate.swift; sourceTree = "<group>"; };
		EE9047F81EFBA8BC008D3C76 /* ViewController.swift */ = {isa = PBXFileReference; lastKnownFileType = sourcecode.swift; path = ViewController.swift; sourceTree = "<group>"; };
		EE9047FB1EFBA8BC008D3C76 /* Base */ = {isa = PBXFileReference; lastKnownFileType = file.storyboard; name = Base; path = Base.lproj/Main.storyboard; sourceTree = "<group>"; };
		EE9047FD1EFBA8BC008D3C76 /* Assets.xcassets */ = {isa = PBXFileReference; lastKnownFileType = folder.assetcatalog; path = Assets.xcassets; sourceTree = "<group>"; };
		EE9048001EFBA8BC008D3C76 /* Base */ = {isa = PBXFileReference; lastKnownFileType = file.storyboard; name = Base; path = Base.lproj/LaunchScreen.storyboard; sourceTree = "<group>"; };
		EE9048021EFBA8BC008D3C76 /* Info.plist */ = {isa = PBXFileReference; lastKnownFileType = text.plist.xml; path = Info.plist; sourceTree = "<group>"; };
/* End PBXFileReference section */

/* Begin PBXFrameworksBuildPhase section */
		EE9047F01EFBA8BC008D3C76 /* Frameworks */ = {
			isa = PBXFrameworksBuildPhase;
			buildActionMask = 2147483647;
			files = (
			);
			runOnlyForDeploymentPostprocessing = 0;
		};
/* End PBXFrameworksBuildPhase section */

/* Begin PBXGroup section */
		EE9047EA1EFBA8BC008D3C76 = {
			isa = PBXGroup;
			children = (
				EE9047F51EFBA8BC008D3C76 /* OSChina */,
				EE9047F41EFBA8BC008D3C76 /* Products */,
			);
			sourceTree = "<group>";
		};
		EE9047F41EFBA8BC008D3C76 /* Products */ = {
			isa = PBXGroup;
			children = (
				EE9047F31EFBA8BC008D3C76 /* OSChina.app */,
			);
			name = Products;
			sourceTree = "<group>";
		};
		EE9047F51EFBA8BC008D3C76 /* OSChina */ = {
			isa = PBXGroup;
			children = (
				EE9047F61EFBA8BC008D3C76 /* AppDelegate.swift */,
				EE9047F81EFBA8BC008D3C76 /* ViewController.swift */,
				EE9047FA1EFBA8BC008D3C76 /* Main.storyboard */,
				EE9047FD1EFBA8BC008D3C76 /* Assets.xcassets */,
				EE9047FF1EFBA8BC008D3C76 /* LaunchScreen.storyboard */,
				EE9048021EFBA8BC008D3C76 /* Info.plist */,
			);
			path = OSChina;
			sourceTree = "<group>";
		};
/* End PBXGroup section */

/* Begin PBXNativeTarget section */
		EE9047F21EFBA8BC008D3C76 /* OSChina */ = {
			isa = PBXNativeTarget;
			buildConfigurationList = EE9048051EFBA8BC008D3C76 /* Build configuration list for PBXNativeTarget "OSChina" */;
			buildPhases = (
				EE9047EF1EFBA8BC008D3C76 /* Sources */,
				EE9047F01EFBA8BC008D3C76 /* Frameworks */,
				EE9047F11EFBA8BC008D3C76 /* Resources */,
			);
			buildRules = (
			);
			dependencies = (
			);
			name = OSChina;
			productName = OSChina;
			productReference = EE9047F31EFBA8BC008D3C76 /* OSChina.app */;
			productType = "com.apple.product-type.application";
		};
/* End PBXNativeTarget section */

/* Begin PBXProject section */
		EE9047EB1EFBA8BC008D3C76 /* Project object */ = {
			isa = PBXProject;
			attributes = {
				LastSwiftUpdateCheck = 0830;
				LastUpgradeCheck = 0830;
				ORGANIZATIONNAME = "JKY-jiang";
				TargetAttributes = {
					EE9047F21EFBA8BC008D3C76 = {
						CreatedOnToolsVersion = 8.3.1;
						ProvisioningStyle = Automatic;
					};
				};
			};
			buildConfigurationList = EE9047EE1EFBA8BC008D3C76 /* Build configuration list for PBXProject "OSChina" */;
			compatibilityVersion = "Xcode 3.2";
			developmentRegion = English;
			hasScannedForEncodings = 0;
			knownRegions = (
				en,
				Base,
			);
			mainGroup = EE9047EA1EFBA8BC008D3C76;
			productRefGroup = EE9047F41EFBA8BC008D3C76 /* Products */;
			projectDirPath = "";
			projectRoot = "";
			targets = (
				EE9047F21EFBA8BC008D3C76 /* OSChina */,
			);
		};
/* End PBXProject section */

/* Begin PBXResourcesBuildPhase section */
		EE9047F11EFBA8BC008D3C76 /* Resources */ = {
			isa = PBXResourcesBuildPhase;
			buildActionMask = 2147483647;
			files = (
				EE9048011EFBA8BC008D3C76 /* LaunchScreen.storyboard in Resources */,
				EE9047FE1EFBA8BC008D3C76 /* Assets.xcassets in Resources */,
				EE9047FC1EFBA8BC008D3C76 /* Main.storyboard in Resources */,
			);
			runOnlyForDeploymentPostprocessing = 0;
		};
/* End PBXResourcesBuildPhase section */

/* Begin PBXSourcesBuildPhase section */
		EE9047EF1EFBA8BC008D3C76 /* Sources */ = {
			isa = PBXSourcesBuildPhase;
			buildActionMask = 2147483647;
			files = (
				EE9047F91EFBA8BC008D3C76 /* ViewController.swift in Sources */,
				EE9047F71EFBA8BC008D3C76 /* AppDelegate.swift in Sources */,
			);
			runOnlyForDeploymentPostprocessing = 0;
		};
/* End PBXSourcesBuildPhase section */

/* Begin PBXVariantGroup section */
		EE9047FA1EFBA8BC008D3C76 /* Main.storyboard */ = {
			isa = PBXVariantGroup;
			children = (
				EE9047FB1EFBA8BC008D3C76 /* Base */,
			);
			name = Main.storyboard;
			sourceTree = "<group>";
		};
		EE9047FF1EFBA8BC008D3C76 /* LaunchScreen.storyboard */ = {
			isa = PBXVariantGroup;
			children = (
				EE9048001EFBA8BC008D3C76 /* Base */,
			);
			name = LaunchScreen.storyboard;
			sourceTree = "<group>";
		};
/* End PBXVariantGroup section */

/* Begin XCBuildConfiguration section */
		EE9048031EFBA8BC008D3C76 /* Debug */ = {
			isa = XCBuildConfiguration;
			buildSettings = {
				ALWAYS_SEARCH_USER_PATHS = NO;
				CLANG_ANALYZER_NONNULL = YES;
				CLANG_ANALYZER_NUMBER_OBJECT_CONVERSION = YES_AGGRESSIVE;
				CLANG_CXX_LANGUAGE_STANDARD = "gnu++0x";
				CLANG_CXX_LIBRARY = "libc++";
				CLANG_ENABLE_MODULES = YES;
				CLANG_ENABLE_OBJC_ARC = YES;
				CLANG_WARN_BOOL_CONVERSION = YES;
				CLANG_WARN_CONSTANT_CONVERSION = YES;
				CLANG_WARN_DIRECT_OBJC_ISA_USAGE = YES_ERROR;
				CLANG_WARN_DOCUMENTATION_COMMENTS = YES;
				CLANG_WARN_EMPTY_BODY = YES;
				CLANG_WARN_ENUM_CONVERSION = YES;
				CLANG_WARN_INFINITE_RECURSION = YES;
				CLANG_WARN_INT_CONVERSION = YES;
				CLANG_WARN_OBJC_ROOT_CLASS = YES_ERROR;
				CLANG_WARN_SUSPICIOUS_MOVE = YES;
				CLANG_WARN_UNREACHABLE_CODE = YES;
				CLANG_WARN__DUPLICATE_METHOD_MATCH = YES;
				"CODE_SIGN_IDENTITY[sdk=iphoneos*]" = "iPhone Developer";
				COPY_PHASE_STRIP = NO;
				DEBUG_INFORMATION_FORMAT = dwarf;
				ENABLE_STRICT_OBJC_MSGSEND = YES;
				ENABLE_TESTABILITY = YES;
				GCC_C_LANGUAGE_STANDARD = gnu99;
				GCC_DYNAMIC_NO_PIC = NO;
				GCC_NO_COMMON_BLOCKS = YES;
				GCC_OPTIMIZATION_LEVEL = 0;
				GCC_PREPROCESSOR_DEFINITIONS = (
					"DEBUG=1",
					"$(inherited)",
				);
				GCC_WARN_64_TO_32_BIT_CONVERSION = YES;
				GCC_WARN_ABOUT_RETURN_TYPE = YES_ERROR;
				GCC_WARN_UNDECLARED_SELECTOR = YES;
				GCC_WARN_UNINITIALIZED_AUTOS = YES_AGGRESSIVE;
				GCC_WARN_UNUSED_FUNCTION = YES;
				GCC_WARN_UNUSED_VARIABLE = YES;
				IPHONEOS_DEPLOYMENT_TARGET = 10.3;
				MTL_ENABLE_DEBUG_INFO = YES;
				ONLY_ACTIVE_ARCH = YES;
				SDKROOT = iphoneos;
				SWIFT_ACTIVE_COMPILATION_CONDITIONS = DEBUG;
				SWIFT_OPTIMIZATION_LEVEL = "-Onone";
				TARGETED_DEVICE_FAMILY = "1,2";
			};
			name = Debug;
		};
		EE9048041EFBA8BC008D3C76 /* Release */ = {
			isa = XCBuildConfiguration;
			buildSettings = {
				ALWAYS_SEARCH_USER_PATHS = NO;
				CLANG_ANALYZER_NONNULL = YES;
				CLANG_ANALYZER_NUMBER_OBJECT_CONVERSION = YES_AGGRESSIVE;
				CLANG_CXX_LANGUAGE_STANDARD = "gnu++0x";
				CLANG_CXX_LIBRARY = "libc++";
				CLANG_ENABLE_MODULES = YES;
				CLANG_ENABLE_OBJC_ARC = YES;
				CLANG_WARN_BOOL_CONVERSION = YES;
				CLANG_WARN_CONSTANT_CONVERSION = YES;
				CLANG_WARN_DIRECT_OBJC_ISA_USAGE = YES_ERROR;
				CLANG_WARN_DOCUMENTATION_COMMENTS = YES;
				CLANG_WARN_EMPTY_BODY = YES;
				CLANG_WARN_ENUM_CONVERSION = YES;
				CLANG_WARN_INFINITE_RECURSION = YES;
				CLANG_WARN_INT_CONVERSION = YES;
				CLANG_WARN_OBJC_ROOT_CLASS = YES_ERROR;
				CLANG_WARN_SUSPICIOUS_MOVE = YES;
				CLANG_WARN_UNREACHABLE_CODE = YES;
				CLANG_WARN__DUPLICATE_METHOD_MATCH = YES;
				"CODE_SIGN_IDENTITY[sdk=iphoneos*]" = "iPhone Developer";
				COPY_PHASE_STRIP = NO;
				DEBUG_INFORMATION_FORMAT = "dwarf-with-dsym";
				ENABLE_NS_ASSERTIONS = NO;
				ENABLE_STRICT_OBJC_MSGSEND = YES;
				GCC_C_LANGUAGE_STANDARD = gnu99;
				GCC_NO_COMMON_BLOCKS = YES;
				GCC_WARN_64_TO_32_BIT_CONVERSION = YES;
				GCC_WARN_ABOUT_RETURN_TYPE = YES_ERROR;
				GCC_WARN_UNDECLARED_SELECTOR = YES;
				GCC_WARN_UNINITIALIZED_AUTOS = YES_AGGRESSIVE;
				GCC_WARN_UNUSED_FUNCTION = YES;
				GCC_WARN_UNUSED_VARIABLE = YES;
				IPHONEOS_DEPLOYMENT_TARGET = 10.3;
				MTL_ENABLE_DEBUG_INFO = NO;
				SDKROOT = iphoneos;
				SWIFT_OPTIMIZATION_LEVEL = "-Owholemodule";
				TARGETED_DEVICE_FAMILY = "1,2";
				VALIDATE_PRODUCT = YES;
			};
			name = Release;
		};
		EE9048061EFBA8BC008D3C76 /* Debug */ = {
			isa = XCBuildConfiguration;
			buildSettings = {
				ASSETCATALOG_COMPILER_APPICON_NAME = AppIcon;
				INFOPLIST_FILE = OSChina/Info.plist;
				LD_RUNPATH_SEARCH_PATHS = "$(inherited) @executable_path/Frameworks";
				PRODUCT_BUNDLE_IDENTIFIER = com.jh235.OSChina;
				PRODUCT_NAME = "$(TARGET_NAME)";
				SWIFT_VERSION = 3.0;
			};
			name = Debug;
		};
		EE9048071EFBA8BC008D3C76 /* Release */ = {
			isa = XCBuildConfiguration;
			buildSettings = {
				ASSETCATALOG_COMPILER_APPICON_NAME = AppIcon;
				INFOPLIST_FILE = OSChina/Info.plist;
				LD_RUNPATH_SEARCH_PATHS = "$(inherited) @executable_path/Frameworks";
				PRODUCT_BUNDLE_IDENTIFIER = com.jh235.OSChina;
				PRODUCT_NAME = "$(TARGET_NAME)";
				SWIFT_VERSION = 3.0;
			};
			name = Release;
		};
/* End XCBuildConfiguration section */

/* Begin XCConfigurationList section */
		EE9047EE1EFBA8BC008D3C76 /* Build configuration list for PBXProject "OSChina" */ = {
			isa = XCConfigurationList;
			buildConfigurations = (
				EE9048031EFBA8BC008D3C76 /* Debug */,
				EE9048041EFBA8BC008D3C76 /* Release */,
			);
			defaultConfigurationIsVisible = 0;
			defaultConfigurationName = Release;
		};
		EE9048051EFBA8BC008D3C76 /* Build configuration list for PBXNativeTarget "OSChina" */ = {
			isa = XCConfigurationList;
			buildConfigurations = (
				EE9048061EFBA8BC008D3C76 /* Debug */,
				EE9048071EFBA8BC008D3C76 /* Release */,
			);
			defaultConfigurationIsVisible = 0;
		};
/* End XCConfigurationList section */
	};
	rootObject = EE9047EB1EFBA8BC008D3C76 /* Project object */;
}
